// !$*UTF8*$!
{
	archiveVersion = 1;
	classes = {
	};
	objectVersion = 46;
	objects = {

/* Begin PBXBuildFile section */
		52F2B9BB1A41B79700F29D9C /* main.m in Sources */ = {isa = PBXBuildFile; fileRef = 52F2B9BA1A41B79700F29D9C /* main.m */; };
		52F2B9BE1A41B79700F29D9C /* AppDelegate.m in Sources */ = {isa = PBXBuildFile; fileRef = 52F2B9BD1A41B79700F29D9C /* AppDelegate.m */; };
		52F2B9C11A41B79700F29D9C /* ViewController.m in Sources */ = {isa = PBXBuildFile; fileRef = 52F2B9C01A41B79700F29D9C /* ViewController.m */; };
		52F2B9C41A41B79700F29D9C /* Main.storyboard in Resources */ = {isa = PBXBuildFile; fileRef = 52F2B9C21A41B79700F29D9C /* Main.storyboard */; };
		52F2B9C61A41B79700F29D9C /* Images.xcassets in Resources */ = {isa = PBXBuildFile; fileRef = 52F2B9C51A41B79700F29D9C /* Images.xcassets */; };
		52F2B9C91A41B79700F29D9C /* LaunchScreen.xib in Resources */ = {isa = PBXBuildFile; fileRef = 52F2B9C71A41B79700F29D9C /* LaunchScreen.xib */; };
		52F2B9D51A41B79700F29D9C /* customControlDemoTests.m in Sources */ = {isa = PBXBuildFile; fileRef = 52F2B9D41A41B79700F29D9C /* customControlDemoTests.m */; };
		52F2B9E01A41B7B300F29D9C /* NBRateView.m in Sources */ = {isa = PBXBuildFile; fileRef = 52F2B9DF1A41B7B300F29D9C /* NBRateView.m */; };
		B0CA1E011B02F7BA00943334 /* RatingView.swift in Sources */ = {isa = PBXBuildFile; fileRef = B0CA1E001B02F7BA00943334 /* RatingView.swift */; };
/* End PBXBuildFile section */

/* Begin PBXContainerItemProxy section */
		52F2B9CF1A41B79700F29D9C /* PBXContainerItemProxy */ = {
			isa = PBXContainerItemProxy;
			containerPortal = 52F2B9AD1A41B79700F29D9C /* Project object */;
			proxyType = 1;
			remoteGlobalIDString = 52F2B9B41A41B79700F29D9C;
			remoteInfo = customControlDemo;
		};
/* End PBXContainerItemProxy section */

/* Begin PBXFileReference section */
		52F2B9B51A41B79700F29D9C /* customControlDemo.app */ = {isa = PBXFileReference; explicitFileType = wrapper.application; includeInIndex = 0; path = customControlDemo.app; sourceTree = BUILT_PRODUCTS_DIR; };
		52F2B9B91A41B79700F29D9C /* Info.plist */ = {isa = PBXFileReference; lastKnownFileType = text.plist.xml; path = Info.plist; sourceTree = "<group>"; };
		52F2B9BA1A41B79700F29D9C /* main.m */ = {isa = PBXFileReference; lastKnownFileType = sourcecode.c.objc; path = main.m; sourceTree = "<group>"; };
		52F2B9BC1A41B79700F29D9C /* AppDelegate.h */ = {isa = PBXFileReference; lastKnownFileType = sourcecode.c.h; path = AppDelegate.h; sourceTree = "<group>"; };
		52F2B9BD1A41B79700F29D9C /* AppDelegate.m */ = {isa = PBXFileReference; lastKnownFileType = sourcecode.c.objc; path = AppDelegate.m; sourceTree = "<group>"; };
		52F2B9BF1A41B79700F29D9C /* ViewController.h */ = {isa = PBXFileReference; lastKnownFileType = sourcecode.c.h; path = ViewController.h; sourceTree = "<group>"; };
		52F2B9C01A41B79700F29D9C /* ViewController.m */ = {isa = PBXFileReference; lastKnownFileType = sourcecode.c.objc; path = ViewController.m; sourceTree = "<group>"; };
		52F2B9C31A41B79700F29D9C /* Base */ = {isa = PBXFileReference; lastKnownFileType = file.storyboard; name = Base; path = Base.lproj/Main.storyboard; sourceTree = "<group>"; };
		52F2B9C51A41B79700F29D9C /* Images.xcassets */ = {isa = PBXFileReference; lastKnownFileType = folder.assetcatalog; path = Images.xcassets; sourceTree = "<group>"; };
		52F2B9C81A41B79700F29D9C /* Base */ = {isa = PBXFileReference; lastKnownFileType = file.xib; name = Base; path = Base.lproj/LaunchScreen.xib; sourceTree = "<group>"; };
		52F2B9CE1A41B79700F29D9C /* customControlDemoTests.xctest */ = {isa = PBXFileReference; explicitFileType = wrapper.cfbundle; includeInIndex = 0; path = customControlDemoTests.xctest; sourceTree = BUILT_PRODUCTS_DIR; };
		52F2B9D31A41B79700F29D9C /* Info.plist */ = {isa = PBXFileReference; lastKnownFileType = text.plist.xml; path = Info.plist; sourceTree = "<group>"; };
		52F2B9D41A41B79700F29D9C /* customControlDemoTests.m */ = {isa = PBXFileReference; lastKnownFileType = sourcecode.c.objc; path = customControlDemoTests.m; sourceTree = "<group>"; };
		52F2B9DE1A41B7B300F29D9C /* NBRateView.h */ = {isa = PBXFileReference; fileEncoding = 4; lastKnownFileType = sourcecode.c.h; path = NBRateView.h; sourceTree = "<group>"; };
		52F2B9DF1A41B7B300F29D9C /* NBRateView.m */ = {isa = PBXFileReference; fileEncoding = 4; lastKnownFileType = sourcecode.c.objc; path = NBRateView.m; sourceTree = "<group>"; };
		B0CA1DFF1B02F7BA00943334 /* customControlDemo-Bridging-Header.h */ = {isa = PBXFileReference; lastKnownFileType = sourcecode.c.h; path = "customControlDemo-Bridging-Header.h"; sourceTree = "<group>"; };
		B0CA1E001B02F7BA00943334 /* RatingView.swift */ = {isa = PBXFileReference; fileEncoding = 4; lastKnownFileType = sourcecode.swift; path = RatingView.swift; sourceTree = "<group>"; };
/* End PBXFileReference section */

/* Begin PBXFrameworksBuildPhase section */
		52F2B9B21A41B79700F29D9C /* Frameworks */ = {
			isa = PBXFrameworksBuildPhase;
			buildActionMask = 2147483647;
			files = (
			);
			runOnlyForDeploymentPostprocessing = 0;
		};
		52F2B9CB1A41B79700F29D9C /* Frameworks */ = {
			isa = PBXFrameworksBuildPhase;
			buildActionMask = 2147483647;
			files = (
			);
			runOnlyForDeploymentPostprocessing = 0;
		};
/* End PBXFrameworksBuildPhase section */

/* Begin PBXGroup section */
		52F2B9AC1A41B79700F29D9C = {
			isa = PBXGroup;
			children = (
				52F2B9B71A41B79700F29D9C /* customControlDemo */,
				52F2B9D11A41B79700F29D9C /* customControlDemoTests */,
				52F2B9B61A41B79700F29D9C /* Products */,
			);
			sourceTree = "<group>";
		};
		52F2B9B61A41B79700F29D9C /* Products */ = {
			isa = PBXGroup;
			children = (
				52F2B9B51A41B79700F29D9C /* customControlDemo.app */,
				52F2B9CE1A41B79700F29D9C /* customControlDemoTests.xctest */,
			);
			name = Products;
			sourceTree = "<group>";
		};
		52F2B9B71A41B79700F29D9C /* customControlDemo */ = {
			isa = PBXGroup;
			children = (
				52F2B9BC1A41B79700F29D9C /* AppDelegate.h */,
				52F2B9BD1A41B79700F29D9C /* AppDelegate.m */,
				52F2B9BF1A41B79700F29D9C /* ViewController.h */,
				52F2B9C01A41B79700F29D9C /* ViewController.m */,
				52F2B9DE1A41B7B300F29D9C /* NBRateView.h */,
				52F2B9DF1A41B7B300F29D9C /* NBRateView.m */,
				B0CA1E001B02F7BA00943334 /* RatingView.swift */,
				52F2B9C21A41B79700F29D9C /* Main.storyboard */,
				52F2B9C51A41B79700F29D9C /* Images.xcassets */,
				52F2B9C71A41B79700F29D9C /* LaunchScreen.xib */,
				52F2B9B81A41B79700F29D9C /* Supporting Files */,
				B0CA1DFF1B02F7BA00943334 /* customControlDemo-Bridging-Header.h */,
			);
			path = customControlDemo;
			sourceTree = "<group>";
		};
		52F2B9B81A41B79700F29D9C /* Supporting Files */ = {
			isa = PBXGroup;
			children = (
				52F2B9B91A41B79700F29D9C /* Info.plist */,
				52F2B9BA1A41B79700F29D9C /* main.m */,
			);
			name = "Supporting Files";
			sourceTree = "<group>";
		};
		52F2B9D11A41B79700F29D9C /* customControlDemoTests */ = {
			isa = PBXGroup;
			children = (
				52F2B9D41A41B79700F29D9C /* customControlDemoTests.m */,
				52F2B9D21A41B79700F29D9C /* Supporting Files */,
			);
			path = customControlDemoTests;
			sourceTree = "<group>";
		};
		52F2B9D21A41B79700F29D9C /* Supporting Files */ = {
			isa = PBXGroup;
			children = (
				52F2B9D31A41B79700F29D9C /* Info.plist */,
			);
			name = "Supporting Files";
			sourceTree = "<group>";
		};
/* End PBXGroup section */

/* Begin PBXNativeTarget section */
		52F2B9B41A41B79700F29D9C /* customControlDemo */ = {
			isa = PBXNativeTarget;
			buildConfigurationList = 52F2B9D81A41B79700F29D9C /* Build configuration list for PBXNativeTarget "customControlDemo" */;
			buildPhases = (
				52F2B9B11A41B79700F29D9C /* Sources */,
				52F2B9B21A41B79700F29D9C /* Frameworks */,
				52F2B9B31A41B79700F29D9C /* Resources */,
			);
			buildRules = (
			);
			dependencies = (
			);
			name = customControlDemo;
			productName = customControlDemo;
			productReference = 52F2B9B51A41B79700F29D9C /* customControlDemo.app */;
			productType = "com.apple.product-type.application";
		};
		52F2B9CD1A41B79700F29D9C /* customControlDemoTests */ = {
			isa = PBXNativeTarget;
			buildConfigurationList = 52F2B9DB1A41B79700F29D9C /* Build configuration list for PBXNativeTarget "customControlDemoTests" */;
			buildPhases = (
				52F2B9CA1A41B79700F29D9C /* Sources */,
				52F2B9CB1A41B79700F29D9C /* Frameworks */,
				52F2B9CC1A41B79700F29D9C /* Resources */,
			);
			buildRules = (
			);
			dependencies = (
				52F2B9D01A41B79700F29D9C /* PBXTargetDependency */,
			);
			name = customControlDemoTests;
			productName = customControlDemoTests;
			productReference = 52F2B9CE1A41B79700F29D9C /* customControlDemoTests.xctest */;
			productType = "com.apple.product-type.bundle.unit-test";
		};
/* End PBXNativeTarget section */

/* Begin PBXProject section */
		52F2B9AD1A41B79700F29D9C /* Project object */ = {
			isa = PBXProject;
			attributes = {
				LastUpgradeCheck = 0610;
				ORGANIZATIONNAME = "___coco-sh___";
				TargetAttributes = {
					52F2B9B41A41B79700F29D9C = {
						CreatedOnToolsVersion = 6.1;
					};
					52F2B9CD1A41B79700F29D9C = {
						CreatedOnToolsVersion = 6.1;
						TestTargetID = 52F2B9B41A41B79700F29D9C;
					};
				};
			};
			buildConfigurationList = 52F2B9B01A41B79700F29D9C /* Build configuration list for PBXProject "customControlDemo" */;
			compatibilityVersion = "Xcode 3.2";
			developmentRegion = English;
			hasScannedForEncodings = 0;
			knownRegions = (
				en,
				Base,
			);
			mainGroup = 52F2B9AC1A41B79700F29D9C;
			productRefGroup = 52F2B9B61A41B79700F29D9C /* Products */;
			projectDirPath = "";
			projectRoot = "";
			targets = (
				52F2B9B41A41B79700F29D9C /* customControlDemo */,
				52F2B9CD1A41B79700F29D9C /* customControlDemoTests */,
			);
		};
/* End PBXProject section */

/* Begin PBXResourcesBuildPhase section */
		52F2B9B31A41B79700F29D9C /* Resources */ = {
			isa = PBXResourcesBuildPhase;
			buildActionMask = 2147483647;
			files = (
				52F2B9C41A41B79700F29D9C /* Main.storyboard in Resources */,
				52F2B9C91A41B79700F29D9C /* LaunchScreen.xib in Resources */,
				52F2B9C61A41B79700F29D9C /* Images.xcassets in Resources */,
			);
			runOnlyForDeploymentPostprocessing = 0;
		};
		52F2B9CC1A41B79700F29D9C /* Resources */ = {
			isa = PBXResourcesBuildPhase;
			buildActionMask = 2147483647;
			files = (
			);
			runOnlyForDeploymentPostprocessing = 0;
		};
/* End PBXResourcesBuildPhase section */

/* Begin PBXSourcesBuildPhase section */
		52F2B9B11A41B79700F29D9C /* Sources */ = {
			isa = PBXSourcesBuildPhase;
			buildActionMask = 2147483647;
			files = (
				52F2B9C11A41B79700F29D9C /* ViewController.m in Sources */,
				52F2B9BE1A41B79700F29D9C /* AppDelegate.m in Sources */,
				52F2B9E01A41B7B300F29D9C /* NBRateView.m in Sources */,
				B0CA1E011B02F7BA00943334 /* RatingView.swift in Sources */,
				52F2B9BB1A41B79700F29D9C /* main.m in Sources */,
			);
			runOnlyForDeploymentPostprocessing = 0;
		};
		52F2B9CA1A41B79700F29D9C /* Sources */ = {
			isa = PBXSourcesBuildPhase;
			buildActionMask = 2147483647;
			files = (
				52F2B9D51A41B79700F29D9C /* customControlDemoTests.m in Sources */,
			);
			runOnlyForDeploymentPostprocessing = 0;
		};
/* End PBXSourcesBuildPhase section */

/* Begin PBXTargetDependency section */
		52F2B9D01A41B79700F29D9C /* PBXTargetDependency */ = {
			isa = PBXTargetDependency;
			target = 52F2B9B41A41B79700F29D9C /* customControlDemo */;
			targetProxy = 52F2B9CF1A41B79700F29D9C /* PBXContainerItemProxy */;
		};
/* End PBXTargetDependency section */

/* Begin PBXVariantGroup section */
		52F2B9C21A41B79700F29D9C /* Main.storyboard */ = {
			isa = PBXVariantGroup;
			children = (
				52F2B9C31A41B79700F29D9C /* Base */,
			);
			name = Main.storyboard;
			sourceTree = "<group>";
		};
		52F2B9C71A41B79700F29D9C /* LaunchScreen.xib */ = {
			isa = PBXVariantGroup;
			children = (
				52F2B9C81A41B79700F29D9C /* Base */,
			);
			name = LaunchScreen.xib;
			sourceTree = "<group>";
		};
/* End PBXVariantGroup section */

/* Begin XCBuildConfiguration section */
		52F2B9D61A41B79700F29D9C /* Debug */ = {
			isa = XCBuildConfiguration;
			buildSettings = {
				ALWAYS_SEARCH_USER_PATHS = NO;
				CLANG_CXX_LANGUAGE_STANDARD = "gnu++0x";
				CLANG_CXX_LIBRARY = "libc++";
				CLANG_ENABLE_MODULES = YES;
				CLANG_ENABLE_OBJC_ARC = YES;
				CLANG_WARN_BOOL_CONVERSION = YES;
				CLANG_WARN_CONSTANT_CONVERSION = YES;
				CLANG_WARN_DIRECT_OBJC_ISA_USAGE = YES_ERROR;
				CLANG_WARN_EMPTY_BODY = YES;
				CLANG_WARN_ENUM_CONVERSION = YES;
				CLANG_WARN_INT_CONVERSION = YES;
				CLANG_WARN_OBJC_ROOT_CLASS = YES_ERROR;
				CLANG_WARN_UNREACHABLE_CODE = YES;
				CLANG_WARN__DUPLICATE_METHOD_MATCH = YES;
				"CODE_SIGN_IDENTITY[sdk=iphoneos*]" = "iPhone Developer";
				COPY_PHASE_STRIP = NO;
				ENABLE_STRICT_OBJC_MSGSEND = YES;
				GCC_C_LANGUAGE_STANDARD = gnu99;
				GCC_DYNAMIC_NO_PIC = NO;
				GCC_OPTIMIZATION_LEVEL = 0;
				GCC_PREPROCESSOR_DEFINITIONS = (
					"DEBUG=1",
					"$(inherited)",
				);
				GCC_SYMBOLS_PRIVATE_EXTERN = NO;
				GCC_WARN_64_TO_32_BIT_CONVERSION = YES;
				GCC_WARN_ABOUT_RETURN_TYPE = YES_ERROR;
				GCC_WARN_UNDECLARED_SELECTOR = YES;
				GCC_WARN_UNINITIALIZED_AUTOS = YES_AGGRESSIVE;
				GCC_WARN_UNUSED_FUNCTION = YES;
				GCC_WARN_UNUSED_VARIABLE = YES;
				IPHONEOS_DEPLOYMENT_TARGET = 8.1;
				MTL_ENABLE_DEBUG_INFO = YES;
				ONLY_ACTIVE_ARCH = YES;
				SDKROOT = iphoneos;
			};
			name = Debug;
		};
		52F2B9D71A41B79700F29D9C /* Release */ = {
			isa = XCBuildConfiguration;
			buildSettings = {
				ALWAYS_SEARCH_USER_PATHS = NO;
				CLANG_CXX_LANGUAGE_STANDARD = "gnu++0x";
				CLANG_CXX_LIBRARY = "libc++";
				CLANG_ENABLE_MODULES = YES;
				CLANG_ENABLE_OBJC_ARC = YES;
				CLANG_WARN_BOOL_CONVERSION = YES;
				CLANG_WARN_CONSTANT_CONVERSION = YES;
				CLANG_WARN_DIRECT_OBJC_ISA_USAGE = YES_ERROR;
				CLANG_WARN_EMPTY_BODY = YES;
				CLANG_WARN_ENUM_CONVERSION = YES;
				CLANG_WARN_INT_CONVERSION = YES;
				CLANG_WARN_OBJC_ROOT_CLASS = YES_ERROR;
				CLANG_WARN_UNREACHABLE_CODE = YES;
				CLANG_WARN__DUPLICATE_METHOD_MATCH = YES;
				"CODE_SIGN_IDENTITY[sdk=iphoneos*]" = "iPhone Developer";
				COPY_PHASE_STRIP = YES;
				ENABLE_NS_ASSERTIONS = NO;
				ENABLE_STRICT_OBJC_MSGSEND = YES;
				GCC_C_LANGUAGE_STANDARD = gnu99;
				GCC_WARN_64_TO_32_BIT_CONVERSION = YES;
				GCC_WARN_ABOUT_RETURN_TYPE = YES_ERROR;
				GCC_WARN_UNDECLARED_SELECTOR = YES;
				GCC_WARN_UNINITIALIZED_AUTOS = YES_AGGRESSIVE;
				GCC_WARN_UNUSED_FUNCTION = YES;
				GCC_WARN_UNUSED_VARIABLE = YES;
				IPHONEOS_DEPLOYMENT_TARGET = 8.1;
				MTL_ENABLE_DEBUG_INFO = NO;
				SDKROOT = iphoneos;
				VALIDATE_PRODUCT = YES;
			};
			name = Release;
		};
		52F2B9D91A41B79700F29D9C /* Debug */ = {
			isa = XCBuildConfiguration;
			buildSettings = {
				ASSETCATALOG_COMPILER_APPICON_NAME = AppIcon;
				CLANG_ENABLE_MODULES = YES;
				DEFINES_MODULE = YES;
				INFOPLIST_FILE = customControlDemo/Info.plist;
				LD_RUNPATH_SEARCH_PATHS = "$(inherited) @executable_path/Frameworks";
				PRODUCT_NAME = "$(TARGET_NAME)";
				SWIFT_OBJC_BRIDGING_HEADER = "customControlDemo/customControlDemo-Bridging-Header.h";
				SWIFT_OPTIMIZATION_LEVEL = "-Onone";
			};
			name = Debug;
		};
		52F2B9DA1A41B79700F29D9C /* Release */ = {
			isa = XCBuildConfiguration;
			buildSettings = {
				ASSETCATALOG_COMPILER_APPICON_NAME = AppIcon;
				CLANG_ENABLE_MODULES = YES;
				DEFINES_MODULE = YES;
				INFOPLIST_FILE = customControlDemo/Info.plist;
				LD_RUNPATH_SEARCH_PATHS = "$(inherited) @executable_path/Frameworks";
				PRODUCT_NAME = "$(TARGET_NAME)";
				SWIFT_OBJC_BRIDGING_HEADER = "customControlDemo/customControlDemo-Bridging-Header.h";
			};
			name = Release;
		};
		52F2B9DC1A41B79700F29D9C /* Debug */ = {
			isa = XCBuildConfiguration;
			buildSettings = {
				BUNDLE_LOADER = "$(TEST_HOST)";
				FRAMEWORK_SEARCH_PATHS = (
					"$(SDKROOT)/Developer/Library/Frameworks",
					"$(inherited)",
				);
				GCC_PREPROCESSOR_DEFINITIONS = (
					"DEBUG=1",
					"$(inherited)",
				);
				INFOPLIST_FILE = customControlDemoTests/Info.plist;
				LD_RUNPATH_SEARCH_PATHS = "$(inherited) @executable_path/Frameworks @loader_path/Frameworks";
				PRODUCT_NAME = "$(TARGET_NAME)";
				TEST_HOST = "$(BUILT_PRODUCTS_DIR)/customControlDemo.app/customControlDemo";
			};
			name = Debug;
		};
		52F2B9DD1A41B79700F29D9C /* Release */ = {
			isa = XCBuildConfiguration;
			buildSettings = {
				BUNDLE_LOADER = "$(TEST_HOST)";
				FRAMEWORK_SEARCH_PATHS = (
					"$(SDKROOT)/Developer/Library/Frameworks",
					"$(inherited)",
				);
				INFOPLIST_FILE = customControlDemoTests/Info.plist;
				LD_RUNPATH_SEARCH_PATHS = "$(inherited) @executable_path/Frameworks @loader_path/Frameworks";
				PRODUCT_NAME = "$(TARGET_NAME)";
				TEST_HOST = "$(BUILT_PRODUCTS_DIR)/customControlDemo.app/customControlDemo";
			};
			name = Release;
		};
/* End XCBuildConfiguration section */

/* Begin XCConfigurationList section */
		52F2B9B01A41B79700F29D9C /* Build configuration list for PBXProject "customControlDemo" */ = {
			isa = XCConfigurationList;
			buildConfigurations = (
				52F2B9D61A41B79700F29D9C /* Debug */,
				52F2B9D71A41B79700F29D9C /* Release */,
			);
			defaultConfigurationIsVisible = 0;
			defaultConfigurationName = Release;
		};
		52F2B9D81A41B79700F29D9C /* Build configuration list for PBXNativeTarget "customControlDemo" */ = {
			isa = XCConfigurationList;
			buildConfigurations = (
				52F2B9D91A41B79700F29D9C /* Debug */,
				52F2B9DA1A41B79700F29D9C /* Release */,
			);
			defaultConfigurationIsVisible = 0;
			defaultConfigurationName = Release;
		};
		52F2B9DB1A41B79700F29D9C /* Build configuration list for PBXNativeTarget "customControlDemoTests" */ = {
			isa = XCConfigurationList;
			buildConfigurations = (
				52F2B9DC1A41B79700F29D9C /* Debug */,
				52F2B9DD1A41B79700F29D9C /* Release */,
			);
			defaultConfigurationIsVisible = 0;
			defaultConfigurationName = Release;
		};
/* End XCConfigurationList section */
	};
	rootObject = 52F2B9AD1A41B79700F29D9C /* Project object */;
}
